hash: 33cbd5ce0064483754f6a8f3a38097e4259a2b624ec7f2143b91c6ef568d350c
updated: 2016-04-28T08:26:37.533198465-07:00
imports:
- name: github.com/gorilla/websocket
  version: a724ba452858d5b6d30c22d2d13ae77e1ed67cad
- name: github.com/justinas/alice.git
  version: 671ef6b31288a51b5517ba2f1349e781b91a4da3
devImports: []
