hash: df0ef40f5787acffd4923dd078d9aa189adbd902546db5a7698ef8dc02b3bf73
updated: 2016-05-27T09:59:44.05670258-07:00
imports:
- name: github.com/gorilla/websocket
  version: afffb151969cb38ce452b0e1b8d20cd91fe7cd45
- name: github.com/justinas/alice.git
  version: 052b8b6c18edb9db317af86806d8e00ebaa94160
- name: github.com/Sirupsen/logrus
  version: 6d9ae300aaf85d6acd2e5424081c7fcddb21dab8
- name: gopkg.in/airbrake/gobrake.v2
  version: 31c8ff1fb8b79a6947e6565e9a6df535f98a6b94
  repo: https://gopkg.in/airbrake/gobrake.v2
- name: gopkg.in/gemnasium/logrus-airbrake-hook.v2
  version: 31e6fd4bd5a98d8ee7673d24bc54ec73c31810dd
  repo: https://gopkg.in/gemnasium/logrus-airbrake-hook.v2
devImports: []
